
Microsoft Visual Studio Solution File, Format Version 12.00
# Visual Studio 15
VisualStudioVersion = 15.0.28307.705
MinimumVisualStudioVersion = 10.0.40219.1
Project("{FAE04EC0-301F-11D3-BF4B-00C04F79EFBC}") = "cadastrodeclientesebd", "cadastrodeclientesebd\cadastrodeclientesebd.csproj", "{F9E49C3B-29B4-4B82-9096-2C9B33B79987}"
EndProject
Global
	GlobalSection(SolutionConfigurationPlatforms) = preSolution
		Debug|Any CPU = Debug|Any CPU
		Release|Any CPU = Release|Any CPU
	EndGlobalSection
	GlobalSection(ProjectConfigurationPlatforms) = postSolution
		{F9E49C3B-29B4-4B82-9096-2C9B33B79987}.Debug|Any CPU.ActiveCfg = Debug|Any CPU
		{F9E49C3B-29B4-4B82-9096-2C9B33B79987}.Debug|Any CPU.Build.0 = Debug|Any CPU
		{F9E49C3B-29B4-4B82-9096-2C9B33B79987}.Release|Any CPU.ActiveCfg = Release|Any CPU
		{F9E49C3B-29B4-4B82-9096-2C9B33B79987}.Release|Any CPU.Build.0 = Release|Any CPU
	EndGlobalSection
	GlobalSection(SolutionProperties) = preSolution
		HideSolutionNode = FALSE
	EndGlobalSection
	GlobalSection(ExtensibilityGlobals) = postSolution
		SolutionGuid = {6FF00D5A-A07E-4E6C-B71F-DBDD05040FF3}
	EndGlobalSection
EndGlobal
